FORGE
  remote: http://forge.puppetlabs.com
  specs:
    puppetlabs/apt (1.2.0)
      puppetlabs/stdlib (>= 2.2.1)
    puppetlabs/firewall (0.3.1)
    puppetlabs/postgresql (2.3.0)
      puppetlabs/apt (< 2.0.0, >= 1.1.0)
      puppetlabs/firewall (>= 0.0.4)
      puppetlabs/stdlib (< 5.0.0, >= 3.2.0)
      ripienaar/concat (>= 0.2.0)
    puppetlabs/stdlib (4.1.0)
    ripienaar/concat (0.2.0)

GIT
  remote: git://github.com/alup/puppet-rbenv.git
  ref: master
  sha: 582a292888874b613a1b86f5284d2723918389cf
  specs:
    rbenv (1.2.0)

DEPENDENCIES
  puppetlabs/postgresql (>= 0)
  rbenv (>= 0)

